
Microsoft Visual Studio Solution File, Format Version 12.00
# Visual Studio Version 17
VisualStudioVersion = 17.8.34511.84
MinimumVisualStudioVersion = 10.0.40219.1
Project("{FAE04EC0-301F-11D3-BF4B-00C04F79EFBC}") = "MovieDatabaseClient", "MovieDatabaseClient\MovieDatabaseClient.csproj", "{C0C23700-49AB-43C9-93D7-D62C4979B060}"
EndProject
Global
	GlobalSection(SolutionConfigurationPlatforms) = preSolution
		Debug|Any CPU = Debug|Any CPU
		Release|Any CPU = Release|Any CPU
	EndGlobalSection
	GlobalSection(ProjectConfigurationPlatforms) = postSolution
		{C0C23700-49AB-43C9-93D7-D62C4979B060}.Debug|Any CPU.ActiveCfg = Debug|Any CPU
		{C0C23700-49AB-43C9-93D7-D62C4979B060}.Debug|Any CPU.Build.0 = Debug|Any CPU
		{C0C23700-49AB-43C9-93D7-D62C4979B060}.Release|Any CPU.ActiveCfg = Release|Any CPU
		{C0C23700-49AB-43C9-93D7-D62C4979B060}.Release|Any CPU.Build.0 = Release|Any CPU
	EndGlobalSection
	GlobalSection(SolutionProperties) = preSolution
		HideSolutionNode = FALSE
	EndGlobalSection
	GlobalSection(ExtensibilityGlobals) = postSolution
		SolutionGuid = {35C7B252-A151-4EF6-8740-AA9E2D06F33A}
	EndGlobalSection
EndGlobal
